
Microsoft Visual Studio Solution File, Format Version 12.00
# Visual Studio Version 16
VisualStudioVersion = 16.0.29319.158
MinimumVisualStudioVersion = 10.0.40219.1
Project("{FAE04EC0-301F-11D3-BF4B-00C04F79EFBC}") = "BIMArchCloudCore.Api", "src\BIMArchCloudCore.Api\BIMArchCloudCore.Api.csproj", "{02583F8C-BD37-4821-9D6C-E3B33239072A}"
EndProject
Project("{2150E333-8FDC-42A3-9474-1A3956D46DE8}") = "Test", "Test", "{B9DF691D-C2AD-464A-B75E-9CC88A146C22}"
EndProject
Project("{FAE04EC0-301F-11D3-BF4B-00C04F79EFBC}") = "BIMArchCloudCore.Api.Test", "test\BIMArchCloudCore.Api.Test\BIMArchCloudCore.Api.Test.csproj", "{3E222F98-C913-4AEF-8EC7-241044310ADB}"
EndProject
Global
	GlobalSection(SolutionConfigurationPlatforms) = preSolution
		Debug|Any CPU = Debug|Any CPU
		Release|Any CPU = Release|Any CPU
	EndGlobalSection
	GlobalSection(ProjectConfigurationPlatforms) = postSolution
		{02583F8C-BD37-4821-9D6C-E3B33239072A}.Debug|Any CPU.ActiveCfg = Debug|Any CPU
		{02583F8C-BD37-4821-9D6C-E3B33239072A}.Debug|Any CPU.Build.0 = Debug|Any CPU
		{02583F8C-BD37-4821-9D6C-E3B33239072A}.Release|Any CPU.ActiveCfg = Release|Any CPU
		{02583F8C-BD37-4821-9D6C-E3B33239072A}.Release|Any CPU.Build.0 = Release|Any CPU
		{3E222F98-C913-4AEF-8EC7-241044310ADB}.Debug|Any CPU.ActiveCfg = Debug|Any CPU
		{3E222F98-C913-4AEF-8EC7-241044310ADB}.Debug|Any CPU.Build.0 = Debug|Any CPU
		{3E222F98-C913-4AEF-8EC7-241044310ADB}.Release|Any CPU.ActiveCfg = Release|Any CPU
		{3E222F98-C913-4AEF-8EC7-241044310ADB}.Release|Any CPU.Build.0 = Release|Any CPU
	EndGlobalSection
	GlobalSection(SolutionProperties) = preSolution
		HideSolutionNode = FALSE
	EndGlobalSection
	GlobalSection(NestedProjects) = preSolution
		{3E222F98-C913-4AEF-8EC7-241044310ADB} = {B9DF691D-C2AD-464A-B75E-9CC88A146C22}
	EndGlobalSection
	GlobalSection(ExtensibilityGlobals) = postSolution
		SolutionGuid = {A203F2B6-9307-42E0-A85E-C3C8D2FE6AE0}
	EndGlobalSection
EndGlobal
